
Microsoft Visual Studio Solution File, Format Version 12.00
# Visual Studio Version 16
VisualStudioVersion = 16.0.31025.194
MinimumVisualStudioVersion = 10.0.40219.1
Project("{FAE04EC0-301F-11D3-BF4B-00C04F79EFBC}") = "backend", "backend\backend.csproj", "{9873C29B-C2EF-4656-84D2-45A5D2652ADF}"
EndProject
Global
	GlobalSection(SolutionConfigurationPlatforms) = preSolution
		Debug|Any CPU = Debug|Any CPU
		Release|Any CPU = Release|Any CPU
	EndGlobalSection
	GlobalSection(ProjectConfigurationPlatforms) = postSolution
		{9873C29B-C2EF-4656-84D2-45A5D2652ADF}.Debug|Any CPU.ActiveCfg = Debug|Any CPU
		{9873C29B-C2EF-4656-84D2-45A5D2652ADF}.Debug|Any CPU.Build.0 = Debug|Any CPU
		{9873C29B-C2EF-4656-84D2-45A5D2652ADF}.Release|Any CPU.ActiveCfg = Release|Any CPU
		{9873C29B-C2EF-4656-84D2-45A5D2652ADF}.Release|Any CPU.Build.0 = Release|Any CPU
	EndGlobalSection
	GlobalSection(SolutionProperties) = preSolution
		HideSolutionNode = FALSE
	EndGlobalSection
	GlobalSection(ExtensibilityGlobals) = postSolution
		SolutionGuid = {03BC25A8-2EFA-4594-AAC3-E11266FE9CAA}
	EndGlobalSection
EndGlobal
